// !$*UTF8*$!
{
	archiveVersion = 1;
	classes = {
	};
	objectVersion = 50;
	objects = {

/* Begin PBXBuildFile section */
		789B987326803B3200446545 /* AppDelegate.swift in Sources */ = {isa = PBXBuildFile; fileRef = 789B987226803B3200446545 /* AppDelegate.swift */; };
		789B987726803B3300446545 /* Assets.xcassets in Resources */ = {isa = PBXBuildFile; fileRef = 789B987626803B3300446545 /* Assets.xcassets */; };
		789B987A26803B3300446545 /* Preview Assets.xcassets in Resources */ = {isa = PBXBuildFile; fileRef = 789B987926803B3300446545 /* Preview Assets.xcassets */; };
		789B988926803B3300446545 /* Bing_Wallpaper_for_MacTests.swift in Sources */ = {isa = PBXBuildFile; fileRef = 789B988826803B3300446545 /* Bing_Wallpaper_for_MacTests.swift */; };
		789B989426803B3400446545 /* Bing_Wallpaper_for_MacUITests.swift in Sources */ = {isa = PBXBuildFile; fileRef = 789B989326803B3400446545 /* Bing_Wallpaper_for_MacUITests.swift */; };
		78FDB81E2681A22800A47F78 /* StatusMenuController.swift in Sources */ = {isa = PBXBuildFile; fileRef = 78FDB81D2681A22800A47F78 /* StatusMenuController.swift */; };
		78FDB8222681A6E400A47F78 /* MainMenu.xib in Resources */ = {isa = PBXBuildFile; fileRef = 78FDB8212681A6E400A47F78 /* MainMenu.xib */; };
		78FDB8262681AC7500A47F78 /* GetWallpaper.swift in Sources */ = {isa = PBXBuildFile; fileRef = 78FDB8252681AC7500A47F78 /* GetWallpaper.swift */; };
/* End PBXBuildFile section */

/* Begin PBXContainerItemProxy section */
		789B988526803B3300446545 /* PBXContainerItemProxy */ = {
			isa = PBXContainerItemProxy;
			containerPortal = 789B986726803B3200446545 /* Project object */;
			proxyType = 1;
			remoteGlobalIDString = 789B986E26803B3200446545;
			remoteInfo = "Bing Wallpaper for Mac";
		};
		789B989026803B3400446545 /* PBXContainerItemProxy */ = {
			isa = PBXContainerItemProxy;
			containerPortal = 789B986726803B3200446545 /* Project object */;
			proxyType = 1;
			remoteGlobalIDString = 789B986E26803B3200446545;
			remoteInfo = "Bing Wallpaper for Mac";
		};
/* End PBXContainerItemProxy section */

/* Begin PBXFileReference section */
		789B986F26803B3200446545 /* Bing Wallpaper for Mac.app */ = {isa = PBXFileReference; explicitFileType = wrapper.application; includeInIndex = 0; path = "Bing Wallpaper for Mac.app"; sourceTree = BUILT_PRODUCTS_DIR; };
		789B987226803B3200446545 /* AppDelegate.swift */ = {isa = PBXFileReference; lastKnownFileType = sourcecode.swift; path = AppDelegate.swift; sourceTree = "<group>"; };
		789B987626803B3300446545 /* Assets.xcassets */ = {isa = PBXFileReference; lastKnownFileType = folder.assetcatalog; path = Assets.xcassets; sourceTree = "<group>"; };
		789B987926803B3300446545 /* Preview Assets.xcassets */ = {isa = PBXFileReference; lastKnownFileType = folder.assetcatalog; path = "Preview Assets.xcassets"; sourceTree = "<group>"; };
		789B987E26803B3300446545 /* Info.plist */ = {isa = PBXFileReference; lastKnownFileType = text.plist.xml; path = Info.plist; sourceTree = "<group>"; };
		789B987F26803B3300446545 /* Bing_Wallpaper_for_Mac.entitlements */ = {isa = PBXFileReference; lastKnownFileType = text.plist.entitlements; path = Bing_Wallpaper_for_Mac.entitlements; sourceTree = "<group>"; };
		789B988426803B3300446545 /* Bing Wallpaper for MacTests.xctest */ = {isa = PBXFileReference; explicitFileType = wrapper.cfbundle; includeInIndex = 0; path = "Bing Wallpaper for MacTests.xctest"; sourceTree = BUILT_PRODUCTS_DIR; };
		789B988826803B3300446545 /* Bing_Wallpaper_for_MacTests.swift */ = {isa = PBXFileReference; lastKnownFileType = sourcecode.swift; path = Bing_Wallpaper_for_MacTests.swift; sourceTree = "<group>"; };
		789B988A26803B3300446545 /* Info.plist */ = {isa = PBXFileReference; lastKnownFileType = text.plist.xml; path = Info.plist; sourceTree = "<group>"; };
		789B988F26803B3400446545 /* Bing Wallpaper for MacUITests.xctest */ = {isa = PBXFileReference; explicitFileType = wrapper.cfbundle; includeInIndex = 0; path = "Bing Wallpaper for MacUITests.xctest"; sourceTree = BUILT_PRODUCTS_DIR; };
		789B989326803B3400446545 /* Bing_Wallpaper_for_MacUITests.swift */ = {isa = PBXFileReference; lastKnownFileType = sourcecode.swift; path = Bing_Wallpaper_for_MacUITests.swift; sourceTree = "<group>"; };
		789B989526803B3400446545 /* Info.plist */ = {isa = PBXFileReference; lastKnownFileType = text.plist.xml; path = Info.plist; sourceTree = "<group>"; };
		78FDB81D2681A22800A47F78 /* StatusMenuController.swift */ = {isa = PBXFileReference; lastKnownFileType = sourcecode.swift; path = StatusMenuController.swift; sourceTree = "<group>"; };
		78FDB8212681A6E400A47F78 /* MainMenu.xib */ = {isa = PBXFileReference; lastKnownFileType = file.xib; path = MainMenu.xib; sourceTree = "<group>"; };
		78FDB8252681AC7500A47F78 /* GetWallpaper.swift */ = {isa = PBXFileReference; lastKnownFileType = sourcecode.swift; path = GetWallpaper.swift; sourceTree = "<group>"; };
/* End PBXFileReference section */

/* Begin PBXFrameworksBuildPhase section */
		789B986C26803B3200446545 /* Frameworks */ = {
			isa = PBXFrameworksBuildPhase;
			buildActionMask = 2147483647;
			files = (
			);
			runOnlyForDeploymentPostprocessing = 0;
		};
		789B988126803B3300446545 /* Frameworks */ = {
			isa = PBXFrameworksBuildPhase;
			buildActionMask = 2147483647;
			files = (
			);
			runOnlyForDeploymentPostprocessing = 0;
		};
		789B988C26803B3400446545 /* Frameworks */ = {
			isa = PBXFrameworksBuildPhase;
			buildActionMask = 2147483647;
			files = (
			);
			runOnlyForDeploymentPostprocessing = 0;
		};
/* End PBXFrameworksBuildPhase section */

/* Begin PBXGroup section */
		789B986626803B3200446545 = {
			isa = PBXGroup;
			children = (
				789B987126803B3200446545 /* Bing Wallpaper for Mac */,
				789B988726803B3300446545 /* Bing Wallpaper for MacTests */,
				789B989226803B3400446545 /* Bing Wallpaper for MacUITests */,
				789B987026803B3200446545 /* Products */,
			);
			sourceTree = "<group>";
		};
		789B987026803B3200446545 /* Products */ = {
			isa = PBXGroup;
			children = (
				789B986F26803B3200446545 /* Bing Wallpaper for Mac.app */,
				789B988426803B3300446545 /* Bing Wallpaper for MacTests.xctest */,
				789B988F26803B3400446545 /* Bing Wallpaper for MacUITests.xctest */,
			);
			name = Products;
			sourceTree = "<group>";
		};
		789B987126803B3200446545 /* Bing Wallpaper for Mac */ = {
			isa = PBXGroup;
			children = (
				789B987226803B3200446545 /* AppDelegate.swift */,
				78FDB81D2681A22800A47F78 /* StatusMenuController.swift */,
				78FDB8212681A6E400A47F78 /* MainMenu.xib */,
				78FDB8252681AC7500A47F78 /* GetWallpaper.swift */,
				789B987626803B3300446545 /* Assets.xcassets */,
				789B987E26803B3300446545 /* Info.plist */,
				789B987F26803B3300446545 /* Bing_Wallpaper_for_Mac.entitlements */,
				789B987826803B3300446545 /* Preview Content */,
			);
			path = "Bing Wallpaper for Mac";
			sourceTree = "<group>";
		};
		789B987826803B3300446545 /* Preview Content */ = {
			isa = PBXGroup;
			children = (
				789B987926803B3300446545 /* Preview Assets.xcassets */,
			);
			path = "Preview Content";
			sourceTree = "<group>";
		};
		789B988726803B3300446545 /* Bing Wallpaper for MacTests */ = {
			isa = PBXGroup;
			children = (
				789B988826803B3300446545 /* Bing_Wallpaper_for_MacTests.swift */,
				789B988A26803B3300446545 /* Info.plist */,
			);
			path = "Bing Wallpaper for MacTests";
			sourceTree = "<group>";
		};
		789B989226803B3400446545 /* Bing Wallpaper for MacUITests */ = {
			isa = PBXGroup;
			children = (
				789B989326803B3400446545 /* Bing_Wallpaper_for_MacUITests.swift */,
				789B989526803B3400446545 /* Info.plist */,
			);
			path = "Bing Wallpaper for MacUITests";
			sourceTree = "<group>";
		};
/* End PBXGroup section */

/* Begin PBXNativeTarget section */
		789B986E26803B3200446545 /* Bing Wallpaper for Mac */ = {
			isa = PBXNativeTarget;
			buildConfigurationList = 789B989826803B3400446545 /* Build configuration list for PBXNativeTarget "Bing Wallpaper for Mac" */;
			buildPhases = (
				789B986B26803B3200446545 /* Sources */,
				789B986C26803B3200446545 /* Frameworks */,
				789B986D26803B3200446545 /* Resources */,
			);
			buildRules = (
			);
			dependencies = (
			);
			name = "Bing Wallpaper for Mac";
			productName = "Bing Wallpaper for Mac";
			productReference = 789B986F26803B3200446545 /* Bing Wallpaper for Mac.app */;
			productType = "com.apple.product-type.application";
		};
		789B988326803B3300446545 /* Bing Wallpaper for MacTests */ = {
			isa = PBXNativeTarget;
			buildConfigurationList = 789B989B26803B3400446545 /* Build configuration list for PBXNativeTarget "Bing Wallpaper for MacTests" */;
			buildPhases = (
				789B988026803B3300446545 /* Sources */,
				789B988126803B3300446545 /* Frameworks */,
				789B988226803B3300446545 /* Resources */,
			);
			buildRules = (
			);
			dependencies = (
				789B988626803B3300446545 /* PBXTargetDependency */,
			);
			name = "Bing Wallpaper for MacTests";
			productName = "Bing Wallpaper for MacTests";
			productReference = 789B988426803B3300446545 /* Bing Wallpaper for MacTests.xctest */;
			productType = "com.apple.product-type.bundle.unit-test";
		};
		789B988E26803B3400446545 /* Bing Wallpaper for MacUITests */ = {
			isa = PBXNativeTarget;
			buildConfigurationList = 789B989E26803B3400446545 /* Build configuration list for PBXNativeTarget "Bing Wallpaper for MacUITests" */;
			buildPhases = (
				789B988B26803B3400446545 /* Sources */,
				789B988C26803B3400446545 /* Frameworks */,
				789B988D26803B3400446545 /* Resources */,
			);
			buildRules = (
			);
			dependencies = (
				789B989126803B3400446545 /* PBXTargetDependency */,
			);
			name = "Bing Wallpaper for MacUITests";
			productName = "Bing Wallpaper for MacUITests";
			productReference = 789B988F26803B3400446545 /* Bing Wallpaper for MacUITests.xctest */;
			productType = "com.apple.product-type.bundle.ui-testing";
		};
/* End PBXNativeTarget section */

/* Begin PBXProject section */
		789B986726803B3200446545 /* Project object */ = {
			isa = PBXProject;
			attributes = {
				LastSwiftUpdateCheck = 1250;
				LastUpgradeCheck = 1250;
				TargetAttributes = {
					789B986E26803B3200446545 = {
						CreatedOnToolsVersion = 12.5;
					};
					789B988326803B3300446545 = {
						CreatedOnToolsVersion = 12.5;
						TestTargetID = 789B986E26803B3200446545;
					};
					789B988E26803B3400446545 = {
						CreatedOnToolsVersion = 12.5;
						TestTargetID = 789B986E26803B3200446545;
					};
				};
			};
			buildConfigurationList = 789B986A26803B3200446545 /* Build configuration list for PBXProject "Bing Wallpaper for Mac" */;
			compatibilityVersion = "Xcode 9.3";
			developmentRegion = en;
			hasScannedForEncodings = 0;
			knownRegions = (
				en,
				Base,
			);
			mainGroup = 789B986626803B3200446545;
			productRefGroup = 789B987026803B3200446545 /* Products */;
			projectDirPath = "";
			projectRoot = "";
			targets = (
				789B986E26803B3200446545 /* Bing Wallpaper for Mac */,
				789B988326803B3300446545 /* Bing Wallpaper for MacTests */,
				789B988E26803B3400446545 /* Bing Wallpaper for MacUITests */,
			);
		};
/* End PBXProject section */

/* Begin PBXResourcesBuildPhase section */
		789B986D26803B3200446545 /* Resources */ = {
			isa = PBXResourcesBuildPhase;
			buildActionMask = 2147483647;
			files = (
				789B987A26803B3300446545 /* Preview Assets.xcassets in Resources */,
				789B987726803B3300446545 /* Assets.xcassets in Resources */,
				78FDB8222681A6E400A47F78 /* MainMenu.xib in Resources */,
			);
			runOnlyForDeploymentPostprocessing = 0;
		};
		789B988226803B3300446545 /* Resources */ = {
			isa = PBXResourcesBuildPhase;
			buildActionMask = 2147483647;
			files = (
			);
			runOnlyForDeploymentPostprocessing = 0;
		};
		789B988D26803B3400446545 /* Resources */ = {
			isa = PBXResourcesBuildPhase;
			buildActionMask = 2147483647;
			files = (
			);
			runOnlyForDeploymentPostprocessing = 0;
		};
/* End PBXResourcesBuildPhase section */

/* Begin PBXSourcesBuildPhase section */
		789B986B26803B3200446545 /* Sources */ = {
			isa = PBXSourcesBuildPhase;
			buildActionMask = 2147483647;
			files = (
				78FDB81E2681A22800A47F78 /* StatusMenuController.swift in Sources */,
				78FDB8262681AC7500A47F78 /* GetWallpaper.swift in Sources */,
				789B987326803B3200446545 /* AppDelegate.swift in Sources */,
			);
			runOnlyForDeploymentPostprocessing = 0;
		};
		789B988026803B3300446545 /* Sources */ = {
			isa = PBXSourcesBuildPhase;
			buildActionMask = 2147483647;
			files = (
				789B988926803B3300446545 /* Bing_Wallpaper_for_MacTests.swift in Sources */,
			);
			runOnlyForDeploymentPostprocessing = 0;
		};
		789B988B26803B3400446545 /* Sources */ = {
			isa = PBXSourcesBuildPhase;
			buildActionMask = 2147483647;
			files = (
				789B989426803B3400446545 /* Bing_Wallpaper_for_MacUITests.swift in Sources */,
			);
			runOnlyForDeploymentPostprocessing = 0;
		};
/* End PBXSourcesBuildPhase section */

/* Begin PBXTargetDependency section */
		789B988626803B3300446545 /* PBXTargetDependency */ = {
			isa = PBXTargetDependency;
			target = 789B986E26803B3200446545 /* Bing Wallpaper for Mac */;
			targetProxy = 789B988526803B3300446545 /* PBXContainerItemProxy */;
		};
		789B989126803B3400446545 /* PBXTargetDependency */ = {
			isa = PBXTargetDependency;
			target = 789B986E26803B3200446545 /* Bing Wallpaper for Mac */;
			targetProxy = 789B989026803B3400446545 /* PBXContainerItemProxy */;
		};
/* End PBXTargetDependency section */

/* Begin XCBuildConfiguration section */
		789B989626803B3400446545 /* Debug */ = {
			isa = XCBuildConfiguration;
			buildSettings = {
				ALWAYS_SEARCH_USER_PATHS = NO;
				CLANG_ANALYZER_NONNULL = YES;
				CLANG_ANALYZER_NUMBER_OBJECT_CONVERSION = YES_AGGRESSIVE;
				CLANG_CXX_LANGUAGE_STANDARD = "gnu++14";
				CLANG_CXX_LIBRARY = "libc++";
				CLANG_ENABLE_MODULES = YES;
				CLANG_ENABLE_OBJC_ARC = YES;
				CLANG_ENABLE_OBJC_WEAK = YES;
				CLANG_WARN_BLOCK_CAPTURE_AUTORELEASING = YES;
				CLANG_WARN_BOOL_CONVERSION = YES;
				CLANG_WARN_COMMA = YES;
				CLANG_WARN_CONSTANT_CONVERSION = YES;
				CLANG_WARN_DEPRECATED_OBJC_IMPLEMENTATIONS = YES;
				CLANG_WARN_DIRECT_OBJC_ISA_USAGE = YES_ERROR;
				CLANG_WARN_DOCUMENTATION_COMMENTS = YES;
				CLANG_WARN_EMPTY_BODY = YES;
				CLANG_WARN_ENUM_CONVERSION = YES;
				CLANG_WARN_INFINITE_RECURSION = YES;
				CLANG_WARN_INT_CONVERSION = YES;
				CLANG_WARN_NON_LITERAL_NULL_CONVERSION = YES;
				CLANG_WARN_OBJC_IMPLICIT_RETAIN_SELF = YES;
				CLANG_WARN_OBJC_LITERAL_CONVERSION = YES;
				CLANG_WARN_OBJC_ROOT_CLASS = YES_ERROR;
				CLANG_WARN_QUOTED_INCLUDE_IN_FRAMEWORK_HEADER = YES;
				CLANG_WARN_RANGE_LOOP_ANALYSIS = YES;
				CLANG_WARN_STRICT_PROTOTYPES = YES;
				CLANG_WARN_SUSPICIOUS_MOVE = YES;
				CLANG_WARN_UNGUARDED_AVAILABILITY = YES_AGGRESSIVE;
				CLANG_WARN_UNREACHABLE_CODE = YES;
				CLANG_WARN__DUPLICATE_METHOD_MATCH = YES;
				COPY_PHASE_STRIP = NO;
				DEBUG_INFORMATION_FORMAT = dwarf;
				ENABLE_STRICT_OBJC_MSGSEND = YES;
				ENABLE_TESTABILITY = YES;
				GCC_C_LANGUAGE_STANDARD = gnu11;
				GCC_DYNAMIC_NO_PIC = NO;
				GCC_NO_COMMON_BLOCKS = YES;
				GCC_OPTIMIZATION_LEVEL = 0;
				GCC_PREPROCESSOR_DEFINITIONS = (
					"DEBUG=1",
					"$(inherited)",
				);
				GCC_WARN_64_TO_32_BIT_CONVERSION = YES;
				GCC_WARN_ABOUT_RETURN_TYPE = YES_ERROR;
				GCC_WARN_UNDECLARED_SELECTOR = YES;
				GCC_WARN_UNINITIALIZED_AUTOS = YES_AGGRESSIVE;
				GCC_WARN_UNUSED_FUNCTION = YES;
				GCC_WARN_UNUSED_VARIABLE = YES;
				MACOSX_DEPLOYMENT_TARGET = 11.3;
				MTL_ENABLE_DEBUG_INFO = INCLUDE_SOURCE;
				MTL_FAST_MATH = YES;
				ONLY_ACTIVE_ARCH = YES;
				SDKROOT = macosx;
				SWIFT_ACTIVE_COMPILATION_CONDITIONS = DEBUG;
				SWIFT_OPTIMIZATION_LEVEL = "-Onone";
			};
			name = Debug;
		};
		789B989726803B3400446545 /* Release */ = {
			isa = XCBuildConfiguration;
			buildSettings = {
				ALWAYS_SEARCH_USER_PATHS = NO;
				CLANG_ANALYZER_NONNULL = YES;
				CLANG_ANALYZER_NUMBER_OBJECT_CONVERSION = YES_AGGRESSIVE;
				CLANG_CXX_LANGUAGE_STANDARD = "gnu++14";
				CLANG_CXX_LIBRARY = "libc++";
				CLANG_ENABLE_MODULES = YES;
				CLANG_ENABLE_OBJC_ARC = YES;
				CLANG_ENABLE_OBJC_WEAK = YES;
				CLANG_WARN_BLOCK_CAPTURE_AUTORELEASING = YES;
				CLANG_WARN_BOOL_CONVERSION = YES;
				CLANG_WARN_COMMA = YES;
				CLANG_WARN_CONSTANT_CONVERSION = YES;
				CLANG_WARN_DEPRECATED_OBJC_IMPLEMENTATIONS = YES;
				CLANG_WARN_DIRECT_OBJC_ISA_USAGE = YES_ERROR;
				CLANG_WARN_DOCUMENTATION_COMMENTS = YES;
				CLANG_WARN_EMPTY_BODY = YES;
				CLANG_WARN_ENUM_CONVERSION = YES;
				CLANG_WARN_INFINITE_RECURSION = YES;
				CLANG_WARN_INT_CONVERSION = YES;
				CLANG_WARN_NON_LITERAL_NULL_CONVERSION = YES;
				CLANG_WARN_OBJC_IMPLICIT_RETAIN_SELF = YES;
				CLANG_WARN_OBJC_LITERAL_CONVERSION = YES;
				CLANG_WARN_OBJC_ROOT_CLASS = YES_ERROR;
				CLANG_WARN_QUOTED_INCLUDE_IN_FRAMEWORK_HEADER = YES;
				CLANG_WARN_RANGE_LOOP_ANALYSIS = YES;
				CLANG_WARN_STRICT_PROTOTYPES = YES;
				CLANG_WARN_SUSPICIOUS_MOVE = YES;
				CLANG_WARN_UNGUARDED_AVAILABILITY = YES_AGGRESSIVE;
				CLANG_WARN_UNREACHABLE_CODE = YES;
				CLANG_WARN__DUPLICATE_METHOD_MATCH = YES;
				COPY_PHASE_STRIP = NO;
				DEBUG_INFORMATION_FORMAT = "dwarf-with-dsym";
				ENABLE_NS_ASSERTIONS = NO;
				ENABLE_STRICT_OBJC_MSGSEND = YES;
				GCC_C_LANGUAGE_STANDARD = gnu11;
				GCC_NO_COMMON_BLOCKS = YES;
				GCC_WARN_64_TO_32_BIT_CONVERSION = YES;
				GCC_WARN_ABOUT_RETURN_TYPE = YES_ERROR;
				GCC_WARN_UNDECLARED_SELECTOR = YES;
				GCC_WARN_UNINITIALIZED_AUTOS = YES_AGGRESSIVE;
				GCC_WARN_UNUSED_FUNCTION = YES;
				GCC_WARN_UNUSED_VARIABLE = YES;
				MACOSX_DEPLOYMENT_TARGET = 11.3;
				MTL_ENABLE_DEBUG_INFO = NO;
				MTL_FAST_MATH = YES;
				SDKROOT = macosx;
				SWIFT_COMPILATION_MODE = wholemodule;
				SWIFT_OPTIMIZATION_LEVEL = "-O";
			};
			name = Release;
		};
		789B989926803B3400446545 /* Debug */ = {
			isa = XCBuildConfiguration;
			buildSettings = {
				ASSETCATALOG_COMPILER_APPICON_NAME = AppIcon;
				ASSETCATALOG_COMPILER_GLOBAL_ACCENT_COLOR_NAME = AccentColor;
				CODE_SIGN_ENTITLEMENTS = "Bing Wallpaper for Mac/Bing_Wallpaper_for_Mac.entitlements";
				CODE_SIGN_IDENTITY = "Apple Development";
				CODE_SIGN_STYLE = Automatic;
				COMBINE_HIDPI_IMAGES = YES;
				DEVELOPMENT_ASSET_PATHS = "\"Bing Wallpaper for Mac/Preview Content\"";
				DEVELOPMENT_TEAM = 4PWYR4R8CG;
				ENABLE_HARDENED_RUNTIME = YES;
				ENABLE_PREVIEWS = YES;
				INFOPLIST_FILE = "Bing Wallpaper for Mac/Info.plist";
				LD_RUNPATH_SEARCH_PATHS = (
					"$(inherited)",
					"@executable_path/../Frameworks",
				);
				MACOSX_DEPLOYMENT_TARGET = 10.15;
				PRODUCT_BUNDLE_IDENTIFIER = "rdfu.Bing-Wallpaper-for-Mac";
				PRODUCT_NAME = "$(TARGET_NAME)";
				SWIFT_VERSION = 5.0;
			};
			name = Debug;
		};
		789B989A26803B3400446545 /* Release */ = {
			isa = XCBuildConfiguration;
			buildSettings = {
				ASSETCATALOG_COMPILER_APPICON_NAME = AppIcon;
				ASSETCATALOG_COMPILER_GLOBAL_ACCENT_COLOR_NAME = AccentColor;
				CODE_SIGN_ENTITLEMENTS = "Bing Wallpaper for Mac/Bing_Wallpaper_for_Mac.entitlements";
				CODE_SIGN_IDENTITY = "Apple Development";
				CODE_SIGN_STYLE = Automatic;
				COMBINE_HIDPI_IMAGES = YES;
				DEVELOPMENT_ASSET_PATHS = "\"Bing Wallpaper for Mac/Preview Content\"";
				DEVELOPMENT_TEAM = 4PWYR4R8CG;
				ENABLE_HARDENED_RUNTIME = YES;
				ENABLE_PREVIEWS = YES;
				INFOPLIST_FILE = "Bing Wallpaper for Mac/Info.plist";
				LD_RUNPATH_SEARCH_PATHS = (
					"$(inherited)",
					"@executable_path/../Frameworks",
				);
				MACOSX_DEPLOYMENT_TARGET = 10.15;
				PRODUCT_BUNDLE_IDENTIFIER = "rdfu.Bing-Wallpaper-for-Mac";
				PRODUCT_NAME = "$(TARGET_NAME)";
				SWIFT_VERSION = 5.0;
			};
			name = Release;
		};
		789B989C26803B3400446545 /* Debug */ = {
			isa = XCBuildConfiguration;
			buildSettings = {
				ALWAYS_EMBED_SWIFT_STANDARD_LIBRARIES = YES;
				BUNDLE_LOADER = "$(TEST_HOST)";
				CODE_SIGN_STYLE = Automatic;
				COMBINE_HIDPI_IMAGES = YES;
				DEVELOPMENT_TEAM = 4PWYR4R8CG;
				INFOPLIST_FILE = "Bing Wallpaper for MacTests/Info.plist";
				LD_RUNPATH_SEARCH_PATHS = (
					"$(inherited)",
					"@executable_path/../Frameworks",
					"@loader_path/../Frameworks",
				);
				MACOSX_DEPLOYMENT_TARGET = 10.15;
				PRODUCT_BUNDLE_IDENTIFIER = "rdfu.Bing-Wallpaper-for-MacTests";
				PRODUCT_NAME = "$(TARGET_NAME)";
				SWIFT_VERSION = 5.0;
				TEST_HOST = "$(BUILT_PRODUCTS_DIR)/Bing Wallpaper for Mac.app/Contents/MacOS/Bing Wallpaper for Mac";
			};
			name = Debug;
		};
		789B989D26803B3400446545 /* Release */ = {
			isa = XCBuildConfiguration;
			buildSettings = {
				ALWAYS_EMBED_SWIFT_STANDARD_LIBRARIES = YES;
				BUNDLE_LOADER = "$(TEST_HOST)";
				CODE_SIGN_STYLE = Automatic;
				COMBINE_HIDPI_IMAGES = YES;
				DEVELOPMENT_TEAM = 4PWYR4R8CG;
				INFOPLIST_FILE = "Bing Wallpaper for MacTests/Info.plist";
				LD_RUNPATH_SEARCH_PATHS = (
					"$(inherited)",
					"@executable_path/../Frameworks",
					"@loader_path/../Frameworks",
				);
				MACOSX_DEPLOYMENT_TARGET = 10.15;
				PRODUCT_BUNDLE_IDENTIFIER = "rdfu.Bing-Wallpaper-for-MacTests";
				PRODUCT_NAME = "$(TARGET_NAME)";
				SWIFT_VERSION = 5.0;
				TEST_HOST = "$(BUILT_PRODUCTS_DIR)/Bing Wallpaper for Mac.app/Contents/MacOS/Bing Wallpaper for Mac";
			};
			name = Release;
		};
		789B989F26803B3400446545 /* Debug */ = {
			isa = XCBuildConfiguration;
			buildSettings = {
				ALWAYS_EMBED_SWIFT_STANDARD_LIBRARIES = YES;
				CODE_SIGN_STYLE = Automatic;
				COMBINE_HIDPI_IMAGES = YES;
				DEVELOPMENT_TEAM = 4PWYR4R8CG;
				INFOPLIST_FILE = "Bing Wallpaper for MacUITests/Info.plist";
				LD_RUNPATH_SEARCH_PATHS = (
					"$(inherited)",
					"@executable_path/../Frameworks",
					"@loader_path/../Frameworks",
				);
				PRODUCT_BUNDLE_IDENTIFIER = "rdfu.Bing-Wallpaper-for-MacUITests";
				PRODUCT_NAME = "$(TARGET_NAME)";
				SWIFT_VERSION = 5.0;
				TEST_TARGET_NAME = "Bing Wallpaper for Mac";
			};
			name = Debug;
		};
		789B98A026803B3400446545 /* Release */ = {
			isa = XCBuildConfiguration;
			buildSettings = {
				ALWAYS_EMBED_SWIFT_STANDARD_LIBRARIES = YES;
				CODE_SIGN_STYLE = Automatic;
				COMBINE_HIDPI_IMAGES = YES;
				DEVELOPMENT_TEAM = 4PWYR4R8CG;
				INFOPLIST_FILE = "Bing Wallpaper for MacUITests/Info.plist";
				LD_RUNPATH_SEARCH_PATHS = (
					"$(inherited)",
					"@executable_path/../Frameworks",
					"@loader_path/../Frameworks",
				);
				PRODUCT_BUNDLE_IDENTIFIER = "rdfu.Bing-Wallpaper-for-MacUITests";
				PRODUCT_NAME = "$(TARGET_NAME)";
				SWIFT_VERSION = 5.0;
				TEST_TARGET_NAME = "Bing Wallpaper for Mac";
			};
			name = Release;
		};
/* End XCBuildConfiguration section */

/* Begin XCConfigurationList section */
		789B986A26803B3200446545 /* Build configuration list for PBXProject "Bing Wallpaper for Mac" */ = {
			isa = XCConfigurationList;
			buildConfigurations = (
				789B989626803B3400446545 /* Debug */,
				789B989726803B3400446545 /* Release */,
			);
			defaultConfigurationIsVisible = 0;
			defaultConfigurationName = Release;
		};
		789B989826803B3400446545 /* Build configuration list for PBXNativeTarget "Bing Wallpaper for Mac" */ = {
			isa = XCConfigurationList;
			buildConfigurations = (
				789B989926803B3400446545 /* Debug */,
				789B989A26803B3400446545 /* Release */,
			);
			defaultConfigurationIsVisible = 0;
			defaultConfigurationName = Release;
		};
		789B989B26803B3400446545 /* Build configuration list for PBXNativeTarget "Bing Wallpaper for MacTests" */ = {
			isa = XCConfigurationList;
			buildConfigurations = (
				789B989C26803B3400446545 /* Debug */,
				789B989D26803B3400446545 /* Release */,
			);
			defaultConfigurationIsVisible = 0;
			defaultConfigurationName = Release;
		};
		789B989E26803B3400446545 /* Build configuration list for PBXNativeTarget "Bing Wallpaper for MacUITests" */ = {
			isa = XCConfigurationList;
			buildConfigurations = (
				789B989F26803B3400446545 /* Debug */,
				789B98A026803B3400446545 /* Release */,
			);
			defaultConfigurationIsVisible = 0;
			defaultConfigurationName = Release;
		};
/* End XCConfigurationList section */
	};
	rootObject = 789B986726803B3200446545 /* Project object */;
}
